%{
  "amqp": {:hex, :amqp, "4.0.0", "c62c0eba8ad5f5bbebf668ca4a68bbf8d9e35c9b3bc8703ff679c01f3e6899d3", [:mix], [{:amqp_client, "~> 4.0", [hex: :amqp_client, repo: "hexpm", optional: false]}], "hexpm", "4148c54dc35733e6c2f9208ff26bc61601cde2da993f752a3452442b018d5735"},
  "amqp_client": {:hex, :amqp_client, "4.0.3", "c7dcc8031c780cd39ec586ba827a8eb26e006e9761af8d3f58fded11f645ebd4", [:make, :rebar3], [{:credentials_obfuscation, "3.4.0", [hex: :credentials_obfuscation, repo: "hexpm", optional: false]}, {:rabbit_common, "4.0.3", [hex: :rabbit_common, repo: "hexpm", optional: false]}], "hexpm", "ae945f7280617e9a4b17a6d49e3a2f496d716e8088ec29d8e94ecc79e5da7458"},
  "argon2_elixir": {:hex, :argon2_elixir, "2.4.1", "edb27bdd326bc738f3e4614eddc2f73507be6fedc9533c6bcc6f15bbac9c85cc", [:make, :mix], [{:comeonin, "~> 5.3", [hex: :comeonin, repo: "hexpm", optional: false]}, {:elixir_make, "~> 0.6", [hex: :elixir_make, repo: "hexpm", optional: false]}], "hexpm", "0e21f52a373739d00bdfd5fe6da2f04eea623cb4f66899f7526dd9db03903d9f"},
  "bottle": {:git, "https://github.com/system76/bottle.git", "858da5138e9bedaf8155dd84dd2114387d1593a6", [ref: "858da5138e9bedaf8155dd84dd2114387d1593a6"]},
  "bunt": {:hex, :bunt, "0.2.1", "e2d4792f7bc0ced7583ab54922808919518d0e57ee162901a16a1b6664ef3b14", [:mix], [], "hexpm", "a330bfb4245239787b15005e66ae6845c9cd524a288f0d141c148b02603777a5"},
  "castore": {:hex, :castore, "1.0.7", "b651241514e5f6956028147fe6637f7ac13802537e895a724f90bf3e36ddd1dd", [:mix], [], "hexpm", "da7785a4b0d2a021cd1292a60875a784b6caef71e76bf4917bdee1f390455cf5"},
  "certifi": {:hex, :certifi, "2.12.0", "2d1cca2ec95f59643862af91f001478c9863c2ac9cb6e2f89780bfd8de987329", [:rebar3], [], "hexpm", "ee68d85df22e554040cdb4be100f33873ac6051387baf6a8f6ce82272340ff1c"},
  "comeonin": {:hex, :comeonin, "5.4.0", "246a56ca3f41d404380fc6465650ddaa532c7f98be4bda1b4656b3a37cc13abe", [:mix], [], "hexpm", "796393a9e50d01999d56b7b8420ab0481a7538d0caf80919da493b4a6e51faf1"},
  "connection": {:hex, :connection, "1.1.0", "ff2a49c4b75b6fb3e674bfc5536451607270aac754ffd1bdfe175abe4a6d7a68", [:mix], [], "hexpm", "722c1eb0a418fbe91ba7bd59a47e28008a189d47e37e0e7bb85585a016b2869c"},
  "cors_plug": {:hex, :cors_plug, "2.0.3", "316f806d10316e6d10f09473f19052d20ba0a0ce2a1d910ddf57d663dac402ae", [:mix], [{:plug, "~> 1.8", [hex: :plug, repo: "hexpm", optional: false]}], "hexpm", "ee4ae1418e6ce117fc42c2ba3e6cbdca4e95ecd2fe59a05ec6884ca16d469aea"},
  "cowboy": {:hex, :cowboy, "2.12.0", "f276d521a1ff88b2b9b4c54d0e753da6c66dd7be6c9fca3d9418b561828a3731", [:make, :rebar3], [{:cowlib, "2.13.0", [hex: :cowlib, repo: "hexpm", optional: false]}, {:ranch, "1.8.0", [hex: :ranch, repo: "hexpm", optional: false]}], "hexpm", "8a7abe6d183372ceb21caa2709bec928ab2b72e18a3911aa1771639bef82651e"},
  "cowboy_telemetry": {:hex, :cowboy_telemetry, "0.3.1", "ebd1a1d7aff97f27c66654e78ece187abdc646992714164380d8a041eda16754", [:rebar3], [{:cowboy, "~> 2.7", [hex: :cowboy, repo: "hexpm", optional: false]}, {:telemetry, "~> 0.4", [hex: :telemetry, repo: "hexpm", optional: false]}], "hexpm", "3a6efd3366130eab84ca372cbd4a7d3c3a97bdfcfb4911233b035d117063f0af"},
  "cowlib": {:hex, :cowlib, "2.13.0", "db8f7505d8332d98ef50a3ef34b34c1afddec7506e4ee4dd4a3a266285d282ca", [:make, :rebar3], [], "hexpm", "e1e1284dc3fc030a64b1ad0d8382ae7e99da46c3246b815318a4b848873800a4"},
  "credentials_obfuscation": {:hex, :credentials_obfuscation, "3.4.0", "34e18b126b3aefd6e8143776fbe1ceceea6792307c99ac5ee8687911f048cfd7", [:rebar3], [], "hexpm", "738ace0ed5545d2710d3f7383906fc6f6b582d019036e5269c4dbd85dbced566"},
  "credo": {:hex, :credo, "1.7.1", "6e26bbcc9e22eefbff7e43188e69924e78818e2fe6282487d0703652bc20fd62", [:mix], [{:bunt, "~> 0.2.1", [hex: :bunt, repo: "hexpm", optional: false]}, {:file_system, "~> 0.2.8", [hex: :file_system, repo: "hexpm", optional: false]}, {:jason, "~> 1.0", [hex: :jason, repo: "hexpm", optional: false]}], "hexpm", "e9871c6095a4c0381c89b6aa98bc6260a8ba6addccf7f6a53da8849c748a58a2"},
  "db_connection": {:hex, :db_connection, "2.6.0", "77d835c472b5b67fc4f29556dee74bf511bbafecdcaf98c27d27fa5918152086", [:mix], [{:telemetry, "~> 0.4 or ~> 1.0", [hex: :telemetry, repo: "hexpm", optional: false]}], "hexpm", "c2f992d15725e721ec7fbc1189d4ecdb8afef76648c746a8e1cad35e3b8a35f3"},
  "decimal": {:hex, :decimal, "2.1.1", "5611dca5d4b2c3dd497dec8f68751f1f1a54755e8ed2a966c2633cf885973ad6", [:mix], [], "hexpm", "53cfe5f497ed0e7771ae1a475575603d77425099ba5faef9394932b35020ffcc"},
  "decorator": {:hex, :decorator, "1.4.0", "a57ac32c823ea7e4e67f5af56412d12b33274661bb7640ec7fc882f8d23ac419", [:mix], [], "hexpm", "0a07cedd9083da875c7418dea95b78361197cf2bf3211d743f6f7ce39656597f"},
  "ecto": {:hex, :ecto, "3.11.0", "ff8614b4e70a774f9d39af809c426def80852048440e8785d93a6e91f48fec00", [:mix], [{:decimal, "~> 2.0", [hex: :decimal, repo: "hexpm", optional: false]}, {:jason, "~> 1.0", [hex: :jason, repo: "hexpm", optional: true]}, {:telemetry, "~> 0.4 or ~> 1.0", [hex: :telemetry, repo: "hexpm", optional: false]}], "hexpm", "7769dad267ef967310d6e988e92d772659b11b09a0c015f101ce0fff81ce1f81"},
  "ecto_enum": {:hex, :ecto_enum, "1.4.0", "d14b00e04b974afc69c251632d1e49594d899067ee2b376277efd8233027aec8", [:mix], [{:ecto, ">= 3.0.0", [hex: :ecto, repo: "hexpm", optional: false]}, {:ecto_sql, "> 3.0.0", [hex: :ecto_sql, repo: "hexpm", optional: false]}, {:mariaex, ">= 0.0.0", [hex: :mariaex, repo: "hexpm", optional: true]}, {:postgrex, ">= 0.0.0", [hex: :postgrex, repo: "hexpm", optional: true]}], "hexpm", "8fb55c087181c2b15eee406519dc22578fa60dd82c088be376d0010172764ee4"},
  "ecto_sql": {:hex, :ecto_sql, "3.11.0", "c787b24b224942b69c9ff7ab9107f258ecdc68326be04815c6cce2941b6fad1c", [:mix], [{:db_connection, "~> 2.4.1 or ~> 2.5", [hex: :db_connection, repo: "hexpm", optional: false]}, {:ecto, "~> 3.11.0", [hex: :ecto, repo: "hexpm", optional: false]}, {:myxql, "~> 0.6.0", [hex: :myxql, repo: "hexpm", optional: true]}, {:postgrex, "~> 0.16.0 or ~> 0.17.0 or ~> 1.0", [hex: :postgrex, repo: "hexpm", optional: true]}, {:tds, "~> 2.1.1 or ~> 2.2", [hex: :tds, repo: "hexpm", optional: true]}, {:telemetry, "~> 0.4.0 or ~> 1.0", [hex: :telemetry, repo: "hexpm", optional: false]}], "hexpm", "77aa3677169f55c2714dda7352d563002d180eb33c0dc29cd36d39c0a1a971f5"},
  "elixir_make": {:hex, :elixir_make, "0.7.7", "7128c60c2476019ed978210c245badf08b03dbec4f24d05790ef791da11aa17c", [:mix], [{:castore, "~> 0.1 or ~> 1.0", [hex: :castore, repo: "hexpm", optional: true]}], "hexpm", "5bc19fff950fad52bbe5f211b12db9ec82c6b34a9647da0c2224b8b8464c7e6c"},
  "eqrcode": {:hex, :eqrcode, "0.1.10", "6294fece9d68ad64eef1c3c92cf111cfd6469f4fbf230a2d4cc905a682178f3f", [:mix], [], "hexpm", "da30e373c36a0fd37ab6f58664b16029919896d6c45a68a95cc4d713e81076f1"},
  "ex_aws": {:hex, :ex_aws, "2.5.0", "1785e69350b16514c1049330537c7da10039b1a53e1d253bbd703b135174aec3", [:mix], [{:configparser_ex, "~> 4.0", [hex: :configparser_ex, repo: "hexpm", optional: true]}, {:hackney, "~> 1.16", [hex: :hackney, repo: "hexpm", optional: true]}, {:jason, "~> 1.1", [hex: :jason, repo: "hexpm", optional: true]}, {:jsx, "~> 2.8 or ~> 3.0", [hex: :jsx, repo: "hexpm", optional: true]}, {:mime, "~> 1.2 or ~> 2.0", [hex: :mime, repo: "hexpm", optional: false]}, {:sweet_xml, "~> 0.7", [hex: :sweet_xml, repo: "hexpm", optional: true]}, {:telemetry, "~> 0.4.3 or ~> 1.0", [hex: :telemetry, repo: "hexpm", optional: false]}], "hexpm", "971b86e5495fc0ae1c318e35e23f389e74cf322f2c02d34037c6fc6d405006f1"},
  "ex_aws_sqs": {:hex, :ex_aws_sqs, "3.4.0", "f7c4d0177c1c954776363d3dc05e5dfd37ddf0e2c65ec3f047e5c9c7dd1b71ac", [:mix], [{:ex_aws, "~> 2.1", [hex: :ex_aws, repo: "hexpm", optional: false]}, {:hackney, "~> 1.9", [hex: :hackney, repo: "hexpm", optional: true]}, {:jason, "~> 1.1", [hex: :jason, repo: "hexpm", optional: true]}, {:saxy, "~> 1.1", [hex: :saxy, repo: "hexpm", optional: true]}, {:sweet_xml, ">= 0.0.0", [hex: :sweet_xml, repo: "hexpm", optional: true]}], "hexpm", "b504482206ccaf767b714888e9d41a1cfcdcb241577985517114191c812f155a"},
  "ex_machina": {:hex, :ex_machina, "2.7.0", "b792cc3127fd0680fecdb6299235b4727a4944a09ff0fa904cc639272cd92dc7", [:mix], [{:ecto, "~> 2.2 or ~> 3.0", [hex: :ecto, repo: "hexpm", optional: true]}, {:ecto_sql, "~> 3.0", [hex: :ecto_sql, repo: "hexpm", optional: true]}], "hexpm", "419aa7a39bde11894c87a615c4ecaa52d8f107bbdd81d810465186f783245bf8"},
  "ex_oauth2_provider": {:hex, :ex_oauth2_provider, "0.5.7", "48baa2e9929ec4ee04e9e235d592a6705ab78a3c0b12914a7b3d38e3a892bb16", [:mix], [{:ecto, "~> 3.10", [hex: :ecto, repo: "hexpm", optional: false]}, {:jason, "~> 1.2", [hex: :jason, repo: "hexpm", optional: false]}, {:plug, ">= 1.5.0 and < 2.0.0", [hex: :plug, repo: "hexpm", optional: false]}], "hexpm", "5e370e5bceb0b87997548102f5151e8c8956f1ae95ab1f5fff47083cc41dae0e"},
  "expo": {:hex, :expo, "0.4.1", "1c61d18a5df197dfda38861673d392e642649a9cef7694d2f97a587b2cfb319b", [:mix], [], "hexpm", "2ff7ba7a798c8c543c12550fa0e2cbc81b95d4974c65855d8d15ba7b37a1ce47"},
  "file_system": {:hex, :file_system, "0.2.10", "fb082005a9cd1711c05b5248710f8826b02d7d1784e7c3451f9c1231d4fc162d", [:mix], [], "hexpm", "41195edbfb562a593726eda3b3e8b103a309b733ad25f3d642ba49696bf715dc"},
  "gettext": {:hex, :gettext, "0.23.1", "821e619a240e6000db2fc16a574ef68b3bd7fe0167ccc264a81563cc93e67a31", [:mix], [{:expo, "~> 0.4.0", [hex: :expo, repo: "hexpm", optional: false]}], "hexpm", "19d744a36b809d810d610b57c27b934425859d158ebd56561bc41f7eeb8795db"},
  "goldrush": {:hex, :goldrush, "0.1.9", "f06e5d5f1277da5c413e84d5a2924174182fb108dabb39d5ec548b27424cd106", [:rebar3], [], "hexpm", "99cb4128cffcb3227581e5d4d803d5413fa643f4eb96523f77d9e6937d994ceb"},
  "google_protos": {:hex, :google_protos, "0.3.0", "15faf44dce678ac028c289668ff56548806e313e4959a3aaf4f6e1ebe8db83f4", [:mix], [{:protobuf, "~> 0.10", [hex: :protobuf, repo: "hexpm", optional: false]}], "hexpm", "1f6b7fb20371f72f418b98e5e48dae3e022a9a6de1858d4b254ac5a5d0b4035f"},
  "grpc": {:hex, :grpc, "0.5.0", "a44cb306625a52fa31a2189ce91b40d24e82569568f0cc214c1e1e0faf54f58a", [:mix], [{:cowboy, "~> 2.9", [hex: :cowboy, repo: "hexpm", optional: false]}, {:cowlib, "~> 2.11", [hex: :cowlib, repo: "hexpm", optional: false]}, {:gun, "~> 2.0.1", [hex: :grpc_gun, repo: "hexpm", optional: false]}], "hexpm", "17b98593fdb1a65be7b2722821266627b3f2fba29bbbd7d0945389427c0d0d5f"},
  "guardian": {:hex, :guardian, "2.3.2", "78003504b987f2b189d76ccf9496ceaa6a454bb2763627702233f31eb7212881", [:mix], [{:jose, "~> 1.8", [hex: :jose, repo: "hexpm", optional: false]}, {:plug, "~> 1.3.3 or ~> 1.4", [hex: :plug, repo: "hexpm", optional: true]}], "hexpm", "b189ff38cd46a22a8a824866a6867ca8722942347f13c33f7d23126af8821b52"},
  "guardian_db": {:hex, :guardian_db, "2.1.0", "ec95a9d99cdd1e550555d09a7bb4a340d8887aad0697f594590c2fd74be02426", [:mix], [{:ecto, "~> 3.0", [hex: :ecto, repo: "hexpm", optional: false]}, {:ecto_sql, "~> 3.1", [hex: :ecto_sql, repo: "hexpm", optional: false]}, {:guardian, "~> 1.0 or ~> 2.0", [hex: :guardian, repo: "hexpm", optional: false]}, {:postgrex, "~> 0.13", [hex: :postgrex, repo: "hexpm", optional: true]}], "hexpm", "f8e7d543ac92c395f3a7fd5acbe6829faeade57d688f7562e2f0fca8f94a0d70"},
  "gun": {:hex, :grpc_gun, "2.0.1", "221b792df3a93e8fead96f697cbaf920120deacced85c6cd3329d2e67f0871f8", [:rebar3], [{:cowlib, "~> 2.11", [hex: :cowlib, repo: "hexpm", optional: false]}], "hexpm", "795a65eb9d0ba16697e6b0e1886009ce024799e43bb42753f0c59b029f592831"},
  "hackney": {:hex, :hackney, "1.20.1", "8d97aec62ddddd757d128bfd1df6c5861093419f8f7a4223823537bad5d064e2", [:rebar3], [{:certifi, "~> 2.12.0", [hex: :certifi, repo: "hexpm", optional: false]}, {:idna, "~> 6.1.0", [hex: :idna, repo: "hexpm", optional: false]}, {:metrics, "~> 1.0.0", [hex: :metrics, repo: "hexpm", optional: false]}, {:mimerl, "~> 1.1", [hex: :mimerl, repo: "hexpm", optional: false]}, {:parse_trans, "3.4.1", [hex: :parse_trans, repo: "hexpm", optional: false]}, {:ssl_verify_fun, "~> 1.1.0", [hex: :ssl_verify_fun, repo: "hexpm", optional: false]}, {:unicode_util_compat, "~> 0.7.0", [hex: :unicode_util_compat, repo: "hexpm", optional: false]}], "hexpm", "fe9094e5f1a2a2c0a7d10918fee36bfec0ec2a979994cff8cfe8058cd9af38e3"},
  "hammer": {:hex, :hammer, "6.1.0", "f263e3c3e9946bd410ea0336b2abe0cb6260af4afb3a221e1027540706e76c55", [:make, :mix], [{:poolboy, "~> 1.5", [hex: :poolboy, repo: "hexpm", optional: false]}], "hexpm", "b47e415a562a6d072392deabcd58090d8a41182cf9044cdd6b0d0faaaf68ba57"},
  "hammer_backend_redis": {:hex, :hammer_backend_redis, "6.1.2", "eb296bb4924928e24135308b2afc189201fd09411c870c6bbadea444a49b2f2c", [:mix], [{:hammer, "~> 6.0", [hex: :hammer, repo: "hexpm", optional: false]}, {:redix, "~> 1.1", [hex: :redix, repo: "hexpm", optional: false]}], "hexpm", "217ea066278910543a5e9b577d5bf2425419446b94fe76bdd9f255f39feec9fa"},
  "hammer_plug": {:hex, :hammer_plug, "3.0.0", "7b1d000021e3ccc92cc6405c5537d3ec22f8f8f1274a1ae9351a8d98c32a2803", [:mix], [{:hammer, "~> 6.0", [hex: :hammer, repo: "hexpm", optional: false]}, {:plug, "~> 1.0", [hex: :plug, repo: "hexpm", optional: false]}], "hexpm", "35275f98f887bef8d84a8e0a3021ba1cd14d0e15c11221f6f8c833a3d43f35d8"},
  "httpoison": {:hex, :httpoison, "1.8.2", "9eb9c63ae289296a544842ef816a85d881d4a31f518a0fec089aaa744beae290", [:mix], [{:hackney, "~> 1.17", [hex: :hackney, repo: "hexpm", optional: false]}], "hexpm", "2bb350d26972e30c96e2ca74a1aaf8293d61d0742ff17f01e0279fef11599921"},
  "idna": {:hex, :idna, "6.1.1", "8a63070e9f7d0c62eb9d9fcb360a7de382448200fbbd1b106cc96d3d8099df8d", [:rebar3], [{:unicode_util_compat, "~> 0.7.0", [hex: :unicode_util_compat, repo: "hexpm", optional: false]}], "hexpm", "92376eb7894412ed19ac475e4a86f7b413c1b9fbb5bd16dccd57934157944cea"},
  "jason": {:hex, :jason, "1.4.1", "af1504e35f629ddcdd6addb3513c3853991f694921b1b9368b0bd32beb9f1b63", [:mix], [{:decimal, "~> 1.0 or ~> 2.0", [hex: :decimal, repo: "hexpm", optional: true]}], "hexpm", "fbb01ecdfd565b56261302f7e1fcc27c4fb8f32d56eab74db621fc154604a7a1"},
  "joken": {:hex, :joken, "2.6.0", "b9dd9b6d52e3e6fcb6c65e151ad38bf4bc286382b5b6f97079c47ade6b1bcc6a", [:mix], [{:jose, "~> 1.11.5", [hex: :jose, repo: "hexpm", optional: false]}], "hexpm", "5a95b05a71cd0b54abd35378aeb1d487a23a52c324fa7efdffc512b655b5aaa7"},
  "jose": {:hex, :jose, "1.11.6", "613fda82552128aa6fb804682e3a616f4bc15565a048dabd05b1ebd5827ed965", [:mix, :rebar3], [], "hexpm", "6275cb75504f9c1e60eeacb771adfeee4905a9e182103aa59b53fed651ff9738"},
  "jsx": {:hex, :jsx, "3.1.0", "d12516baa0bb23a59bb35dccaf02a1bd08243fcbb9efe24f2d9d056ccff71268", [:rebar3], [], "hexpm", "0c5cc8fdc11b53cc25cf65ac6705ad39e54ecc56d1c22e4adb8f5a53fb9427f3"},
  "lager": {:hex, :lager, "3.9.2", "4cab289120eb24964e3886bd22323cb5fefe4510c076992a23ad18cf85413d8c", [:rebar3], [{:goldrush, "0.1.9", [hex: :goldrush, repo: "hexpm", optional: false]}], "hexpm", "7f904d9e87a8cb7e66156ed31768d1c8e26eba1d54f4bc85b1aa4ac1f6340c28"},
  "logger_json": {:git, "https://github.com/Nebo15/logger_json.git", "8e4290a7377a3624b3eaab9db1889d7e9c537bb7", [ref: "8e4290a"]},
  "metrics": {:hex, :metrics, "1.0.1", "25f094dea2cda98213cecc3aeff09e940299d950904393b2a29d191c346a8486", [:rebar3], [], "hexpm", "69b09adddc4f74a40716ae54d140f93beb0fb8978d8636eaded0c31b6f099f16"},
  "mime": {:hex, :mime, "2.0.5", "dc34c8efd439abe6ae0343edbb8556f4d63f178594894720607772a041b04b02", [:mix], [], "hexpm", "da0d64a365c45bc9935cc5c8a7fc5e49a0e0f9932a761c55d6c52b142780a05c"},
  "mimerl": {:hex, :mimerl, "1.2.0", "67e2d3f571088d5cfd3e550c383094b47159f3eee8ffa08e64106cdf5e981be3", [:rebar3], [], "hexpm", "f278585650aa581986264638ebf698f8bb19df297f66ad91b18910dfc6e19323"},
  "mox": {:hex, :mox, "1.1.0", "0f5e399649ce9ab7602f72e718305c0f9cdc351190f72844599545e4996af73c", [:mix], [], "hexpm", "d44474c50be02d5b72131070281a5d3895c0e7a95c780e90bc0cfe712f633a13"},
  "msgpax": {:hex, :msgpax, "2.2.4", "7b3790ef684089076b63c0f08c2f4b079c6311daeb006b69e4ed2bf67518291e", [:mix], [{:plug, "~> 1.0", [hex: :plug, repo: "hexpm", optional: true]}], "hexpm", "b351b6d992d79624a8430a99d21a41b36b1b90edf84326a294e9f4a2de11f089"},
  "myxql": {:hex, :myxql, "0.6.3", "3d77683a09f1227abb8b73d66b275262235c5cae68182f0cfa5897d72a03700e", [:mix], [{:db_connection, "~> 2.4.1 or ~> 2.5", [hex: :db_connection, repo: "hexpm", optional: false]}, {:decimal, "~> 1.6 or ~> 2.0", [hex: :decimal, repo: "hexpm", optional: false]}, {:geo, "~> 3.4", [hex: :geo, repo: "hexpm", optional: true]}, {:jason, "~> 1.0", [hex: :jason, repo: "hexpm", optional: true]}, {:table, "~> 0.1.0", [hex: :table, repo: "hexpm", optional: true]}], "hexpm", "af9eb517ddaced5c5c28e8749015493757fd4413f2cfccea449c466d405d9f51"},
  "nimble_options": {:hex, :nimble_options, "1.0.2", "92098a74df0072ff37d0c12ace58574d26880e522c22801437151a159392270e", [:mix], [], "hexpm", "fd12a8db2021036ce12a309f26f564ec367373265b53e25403f0ee697380f1b8"},
  "oauth2": {:hex, :oauth2, "2.0.1", "70729503e05378697b958919bb2d65b002ba6b28c8112328063648a9348aaa3f", [:mix], [{:hackney, "~> 1.13", [hex: :hackney, repo: "hexpm", optional: false]}], "hexpm", "c64e20d4d105bcdbcbe03170fb530d0eddc3a3e6b135a87528a22c8aecf74c52"},
  "optimal": {:hex, :optimal, "0.3.6", "46bbf52fbbbd238cda81e02560caa84f93a53c75620f1fe19e81e4ae7b07d1dd", [:mix], [], "hexpm", "1a06ea6a653120226b35b283a1cd10039550f2c566edcdec22b29316d73640fd"},
  "parse_trans": {:hex, :parse_trans, "3.4.1", "6e6aa8167cb44cc8f39441d05193be6e6f4e7c2946cb2759f015f8c56b76e5ff", [:rebar3], [], "hexpm", "620a406ce75dada827b82e453c19cf06776be266f5a67cff34e1ef2cbb60e49a"},
  "phoenix": {:hex, :phoenix, "1.7.12", "1cc589e0eab99f593a8aa38ec45f15d25297dd6187ee801c8de8947090b5a9d3", [:mix], [{:castore, ">= 0.0.0", [hex: :castore, repo: "hexpm", optional: false]}, {:jason, "~> 1.0", [hex: :jason, repo: "hexpm", optional: true]}, {:phoenix_pubsub, "~> 2.1", [hex: :phoenix_pubsub, repo: "hexpm", optional: false]}, {:phoenix_template, "~> 1.0", [hex: :phoenix_template, repo: "hexpm", optional: false]}, {:phoenix_view, "~> 2.0", [hex: :phoenix_view, repo: "hexpm", optional: true]}, {:plug, "~> 1.14", [hex: :plug, repo: "hexpm", optional: false]}, {:plug_cowboy, "~> 2.7", [hex: :plug_cowboy, repo: "hexpm", optional: true]}, {:plug_crypto, "~> 1.2 or ~> 2.0", [hex: :plug_crypto, repo: "hexpm", optional: false]}, {:telemetry, "~> 0.4 or ~> 1.0", [hex: :telemetry, repo: "hexpm", optional: false]}, {:websock_adapter, "~> 0.5.3", [hex: :websock_adapter, repo: "hexpm", optional: false]}], "hexpm", "d646192fbade9f485b01bc9920c139bfdd19d0f8df3d73fd8eaf2dfbe0d2837c"},
  "phoenix_ecto": {:hex, :phoenix_ecto, "4.4.3", "86e9878f833829c3f66da03d75254c155d91d72a201eb56ae83482328dc7ca93", [:mix], [{:ecto, "~> 3.5", [hex: :ecto, repo: "hexpm", optional: false]}, {:phoenix_html, "~> 2.14.2 or ~> 3.0 or ~> 4.0", [hex: :phoenix_html, repo: "hexpm", optional: true]}, {:plug, "~> 1.9", [hex: :plug, repo: "hexpm", optional: false]}], "hexpm", "d36c401206f3011fefd63d04e8ef626ec8791975d9d107f9a0817d426f61ac07"},
  "phoenix_html": {:hex, :phoenix_html, "4.1.1", "4c064fd3873d12ebb1388425a8f2a19348cef56e7289e1998e2d2fa758aa982e", [:mix], [], "hexpm", "f2f2df5a72bc9a2f510b21497fd7d2b86d932ec0598f0210fed4114adc546c6f"},
  "phoenix_html_helpers": {:hex, :phoenix_html_helpers, "1.0.1", "7eed85c52eff80a179391036931791ee5d2f713d76a81d0d2c6ebafe1e11e5ec", [:mix], [{:phoenix_html, "~> 4.0", [hex: :phoenix_html, repo: "hexpm", optional: false]}, {:plug, "~> 1.5", [hex: :plug, repo: "hexpm", optional: true]}], "hexpm", "cffd2385d1fa4f78b04432df69ab8da63dc5cf63e07b713a4dcf36a3740e3090"},
  "phoenix_live_reload": {:hex, :phoenix_live_reload, "1.4.1", "2aff698f5e47369decde4357ba91fc9c37c6487a512b41732818f2204a8ef1d3", [:mix], [{:file_system, "~> 0.2.1 or ~> 0.3", [hex: :file_system, repo: "hexpm", optional: false]}, {:phoenix, "~> 1.4", [hex: :phoenix, repo: "hexpm", optional: false]}], "hexpm", "9bffb834e7ddf08467fe54ae58b5785507aaba6255568ae22b4d46e2bb3615ab"},
  "phoenix_pubsub": {:hex, :phoenix_pubsub, "2.1.3", "3168d78ba41835aecad272d5e8cd51aa87a7ac9eb836eabc42f6e57538e3731d", [:mix], [], "hexpm", "bba06bc1dcfd8cb086759f0edc94a8ba2bc8896d5331a1e2c2902bf8e36ee502"},
  "phoenix_template": {:hex, :phoenix_template, "1.0.4", "e2092c132f3b5e5b2d49c96695342eb36d0ed514c5b252a77048d5969330d639", [:mix], [{:phoenix_html, "~> 2.14.2 or ~> 3.0 or ~> 4.0", [hex: :phoenix_html, repo: "hexpm", optional: true]}], "hexpm", "2c0c81f0e5c6753faf5cca2f229c9709919aba34fab866d3bc05060c9c444206"},
  "phoenix_view": {:hex, :phoenix_view, "2.0.3", "4d32c4817fce933693741deeb99ef1392619f942633dde834a5163124813aad3", [:mix], [{:phoenix_html, "~> 2.14.2 or ~> 3.0 or ~> 4.0", [hex: :phoenix_html, repo: "hexpm", optional: true]}, {:phoenix_template, "~> 1.0", [hex: :phoenix_template, repo: "hexpm", optional: false]}], "hexpm", "cd34049af41be2c627df99cd4eaa71fc52a328c0c3d8e7d4aa28f880c30e7f64"},
  "phx_gen_auth": {:hex, :phx_gen_auth, "0.7.0", "2e10e9527b6b71abbfbb4601c7dc4aa4fb9f2db6f9a6be457c468b7f2b0f6319", [:mix], [{:phoenix, "~> 1.5.2", [hex: :phoenix, repo: "hexpm", optional: false]}], "hexpm", "b9dc3e3b866e67c5db8f00f4a2adb28fc8636e794f78600e35aba0e55bdac209"},
  "plug": {:hex, :plug, "1.15.3", "712976f504418f6dff0a3e554c40d705a9bcf89a7ccef92fc6a5ef8f16a30a97", [:mix], [{:mime, "~> 1.0 or ~> 2.0", [hex: :mime, repo: "hexpm", optional: false]}, {:plug_crypto, "~> 1.1.1 or ~> 1.2 or ~> 2.0", [hex: :plug_crypto, repo: "hexpm", optional: false]}, {:telemetry, "~> 0.4.3 or ~> 1.0", [hex: :telemetry, repo: "hexpm", optional: false]}], "hexpm", "cc4365a3c010a56af402e0809208873d113e9c38c401cabd88027ef4f5c01fd2"},
  "plug_cowboy": {:hex, :plug_cowboy, "2.7.1", "87677ffe3b765bc96a89be7960f81703223fe2e21efa42c125fcd0127dd9d6b2", [:mix], [{:cowboy, "~> 2.7", [hex: :cowboy, repo: "hexpm", optional: false]}, {:cowboy_telemetry, "~> 0.3", [hex: :cowboy_telemetry, repo: "hexpm", optional: false]}, {:plug, "~> 1.14", [hex: :plug, repo: "hexpm", optional: false]}], "hexpm", "02dbd5f9ab571b864ae39418db7811618506256f6d13b4a45037e5fe78dc5de3"},
  "plug_crypto": {:hex, :plug_crypto, "2.0.0", "77515cc10af06645abbfb5e6ad7a3e9714f805ae118fa1a70205f80d2d70fe73", [:mix], [], "hexpm", "53695bae57cc4e54566d993eb01074e4d894b65a3766f1c43e2c61a1b0f45ea9"},
  "poolboy": {:hex, :poolboy, "1.5.2", "392b007a1693a64540cead79830443abf5762f5d30cf50bc95cb2c1aaafa006b", [:rebar3], [], "hexpm", "dad79704ce5440f3d5a3681c8590b9dc25d1a561e8f5a9c995281012860901e3"},
  "pot": {:hex, :pot, "1.0.2", "13abb849139fdc04ab8154986abbcb63bdee5de6ed2ba7e1713527e33df923dd", [:rebar3], [], "hexpm", "78fe127f5a4f5f919d6ea5a2a671827bd53eb9d37e5b4128c0ad3df99856c2e0"},
  "protobuf": {:hex, :protobuf, "0.11.0", "58d5531abadea3f71135e97bd214da53b21adcdb5b1420aee63f4be8173ec927", [:mix], [{:jason, "~> 1.2", [hex: :jason, repo: "hexpm", optional: true]}], "hexpm", "30ad9a867a5c5a0616cac9765c4d2c2b7b0030fa81ea6d0c14c2eb5affb6ac52"},
  "rabbit_common": {:hex, :rabbit_common, "4.0.3", "e927b882733d122f6802662220bdb1a83774852dbe67d21d4e33aaf54f3998dd", [:make, :rebar3], [{:credentials_obfuscation, "3.4.0", [hex: :credentials_obfuscation, repo: "hexpm", optional: false]}, {:ranch, "2.1.0", [hex: :ranch, repo: "hexpm", optional: false]}, {:recon, "2.5.6", [hex: :recon, repo: "hexpm", optional: false]}, {:thoas, "1.2.1", [hex: :thoas, repo: "hexpm", optional: false]}], "hexpm", "ead31ba292c2cc5fda48a486417d7cfe8966f661994d7ed6c3e5f8840828e8ec"},
  "ranch": {:hex, :ranch, "2.1.0", "2261f9ed9574dcfcc444106b9f6da155e6e540b2f82ba3d42b339b93673b72a3", [:make, :rebar3], [], "hexpm", "244ee3fa2a6175270d8e1fc59024fd9dbc76294a321057de8f803b1479e76916"},
  "recon": {:hex, :recon, "2.5.6", "9052588e83bfedfd9b72e1034532aee2a5369d9d9343b61aeb7fbce761010741", [:mix, :rebar3], [], "hexpm", "96c6799792d735cc0f0fd0f86267e9d351e63339cbe03df9d162010cefc26bb0"},
  "redix": {:hex, :redix, "1.3.0", "f4121163ff9d73bf72157539ff23b13e38422284520bb58c05e014b19d6f0577", [:mix], [{:castore, "~> 0.1.0 or ~> 1.0", [hex: :castore, repo: "hexpm", optional: true]}, {:nimble_options, "~> 0.5.0 or ~> 1.0", [hex: :nimble_options, repo: "hexpm", optional: false]}, {:telemetry, "~> 0.4.0 or ~> 1.0", [hex: :telemetry, repo: "hexpm", optional: false]}], "hexpm", "60d483d320c77329c8cbd3df73007e51b23f3fae75b7693bc31120d83ab26131"},
  "saxy": {:hex, :saxy, "1.5.0", "0141127f2d042856f135fb2d94e0beecda7a2306f47546dbc6411fc5b07e28bf", [:mix], [], "hexpm", "ea7bb6328fbd1f2aceffa3ec6090bfb18c85aadf0f8e5030905e84235861cf89"},
  "spandex": {:hex, :spandex, "3.0.3", "91aa318f3de696bb4d931adf65f7ebdbe5df25cccce1fe8fd376a44c46bcf69b", [:mix], [{:decorator, "~> 1.2", [hex: :decorator, repo: "hexpm", optional: true]}, {:optimal, "~> 0.3.3", [hex: :optimal, repo: "hexpm", optional: false]}, {:plug, ">= 1.0.0", [hex: :plug, repo: "hexpm", optional: false]}], "hexpm", "e3e6c319d0ab478ddc9a39102a727a410c962b4d51c0932c72279b86d3b17044"},
  "spandex_datadog": {:hex, :spandex_datadog, "1.1.0", "8c84e2f6c4067edc2e920dd79242f7bb0d6403652a7e9bc42109007f76b9be25", [:mix], [{:msgpax, "~> 2.2.1", [hex: :msgpax, repo: "hexpm", optional: false]}, {:spandex, "~> 3.0", [hex: :spandex, repo: "hexpm", optional: false]}, {:telemetry, "~> 0.4", [hex: :telemetry, repo: "hexpm", optional: false]}], "hexpm", "f4c20d3e601cad869705d9789f17a9242f245ce0bf2579fc835e96a6834663e2"},
  "spandex_ecto": {:hex, :spandex_ecto, "0.6.2", "845e0e0a115e84c218015e8a13cca7adb38e8b0a1b45010a51451a8c9961c551", [:mix], [{:spandex, "~> 2.2 or ~> 3.0", [hex: :spandex, repo: "hexpm", optional: false]}], "hexpm", "ddeb5c279ca850a38eee6decc8f91b3f4929c76f141b3329293793be54d0c1c7"},
  "spandex_phoenix": {:hex, :spandex_phoenix, "1.0.6", "b2caf99cd37cf5c501c89de6099b07a8efab31747dbd63ed2fff802bb02c6937", [:mix], [{:optimal, "~> 0.3", [hex: :optimal, repo: "hexpm", optional: false]}, {:phoenix, "~> 1.0", [hex: :phoenix, repo: "hexpm", optional: true]}, {:plug, "~> 1.3", [hex: :plug, repo: "hexpm", optional: false]}, {:spandex, "~> 2.2 or ~> 3.0", [hex: :spandex, repo: "hexpm", optional: false]}, {:telemetry, "~> 0.4 or ~> 1.0", [hex: :telemetry, repo: "hexpm", optional: true]}], "hexpm", "e286d4bfe6917ecddf56b47553322b55bdc328326b7d86a6c35b4835679e9784"},
  "ssl_verify_fun": {:hex, :ssl_verify_fun, "1.1.7", "354c321cf377240c7b8716899e182ce4890c5938111a1296add3ec74cf1715df", [:make, :mix, :rebar3], [], "hexpm", "fe4c190e8f37401d30167c8c405eda19469f34577987c76dde613e838bbc67f8"},
  "telemetry": {:hex, :telemetry, "0.4.3", "a06428a514bdbc63293cd9a6263aad00ddeb66f608163bdec7c8995784080818", [:rebar3], [], "hexpm", "eb72b8365ffda5bed68a620d1da88525e326cb82a75ee61354fc24b844768041"},
  "telemetry_metrics": {:hex, :telemetry_metrics, "0.6.1", "315d9163a1d4660aedc3fee73f33f1d355dcc76c5c3ab3d59e76e3edf80eef1f", [:mix], [{:telemetry, "~> 0.4 or ~> 1.0", [hex: :telemetry, repo: "hexpm", optional: false]}], "hexpm", "7be9e0871c41732c233be71e4be11b96e56177bf15dde64a8ac9ce72ac9834c6"},
  "telemetry_poller": {:hex, :telemetry_poller, "0.5.1", "21071cc2e536810bac5628b935521ff3e28f0303e770951158c73eaaa01e962a", [:rebar3], [{:telemetry, "~> 0.4", [hex: :telemetry, repo: "hexpm", optional: false]}], "hexpm", "4cab72069210bc6e7a080cec9afffad1b33370149ed5d379b81c7c5f0c663fd4"},
  "thoas": {:hex, :thoas, "1.2.1", "19a25f31177a17e74004d4840f66d791d4298c5738790fa2cc73731eb911f195", [:rebar3], [], "hexpm", "e38697edffd6e91bd12cea41b155115282630075c2a727e7a6b2947f5408b86a"},
  "ueberauth": {:hex, :ueberauth, "0.10.5", "806adb703df87e55b5615cf365e809f84c20c68aa8c08ff8a416a5a6644c4b02", [:mix], [{:plug, "~> 1.5", [hex: :plug, repo: "hexpm", optional: false]}], "hexpm", "3efd1f31d490a125c7ed453b926f7c31d78b97b8a854c755f5c40064bf3ac9e1"},
  "ueberauth_github": {:hex, :ueberauth_github, "0.8.3", "1c478629b4c1dae446c68834b69194ad5cead3b6c67c913db6fdf64f37f0328f", [:mix], [{:oauth2, "~> 1.0 or ~> 2.0", [hex: :oauth2, repo: "hexpm", optional: false]}, {:ueberauth, "~> 0.7", [hex: :ueberauth, repo: "hexpm", optional: false]}], "hexpm", "ae0ab2879c32cfa51d7287a48219b262bfdab0b7ec6629f24160564247493cc6"},
  "ueberauth_google": {:hex, :ueberauth_google, "0.12.1", "90cf49743588193334f7a00da252f92d90bfd178d766c0e4291361681fafec7d", [:mix], [{:oauth2, "~> 1.0 or ~> 2.0", [hex: :oauth2, repo: "hexpm", optional: false]}, {:ueberauth, "~> 0.10.0", [hex: :ueberauth, repo: "hexpm", optional: false]}], "hexpm", "7f7deacd679b2b66e3bffb68ecc77aa1b5396a0cbac2941815f253128e458c38"},
  "unicode_util_compat": {:hex, :unicode_util_compat, "0.7.0", "bc84380c9ab48177092f43ac89e4dfa2c6d62b40b8bd132b1059ecc7232f9a78", [:rebar3], [], "hexpm", "25eee6d67df61960cf6a794239566599b09e17e668d3700247bc498638152521"},
  "websock": {:hex, :websock, "0.5.3", "2f69a6ebe810328555b6fe5c831a851f485e303a7c8ce6c5f675abeb20ebdadc", [:mix], [], "hexpm", "6105453d7fac22c712ad66fab1d45abdf049868f253cf719b625151460b8b453"},
  "websock_adapter": {:hex, :websock_adapter, "0.5.6", "0437fe56e093fd4ac422de33bf8fc89f7bc1416a3f2d732d8b2c8fd54792fe60", [:mix], [{:bandit, ">= 0.6.0", [hex: :bandit, repo: "hexpm", optional: true]}, {:plug, "~> 1.14", [hex: :plug, repo: "hexpm", optional: false]}, {:plug_cowboy, "~> 2.6", [hex: :plug_cowboy, repo: "hexpm", optional: true]}, {:websock, "~> 0.5", [hex: :websock, repo: "hexpm", optional: false]}], "hexpm", "e04378d26b0af627817ae84c92083b7e97aca3121196679b73c73b99d0d133ea"},
}
